{
  "name": "mwr",
  "version": "0.0.21",
  "lockfileVersion": 1,
  "requires": true,
  "dependencies": {
    "iced-coffee-script": {
      "version": "108.0.11",
      "resolved": "https://registry.npmjs.org/iced-coffee-script/-/iced-coffee-script-108.0.11.tgz",
      "integrity": "sha1-HXH/k8kElyimRoOFqpvIkf10xY8=",
      "requires": {
        "iced-runtime": ">=0.0.1"
      }
    },
    "iced-error": {
      "version": "0.0.13",
      "resolved": "https://registry.npmjs.org/iced-error/-/iced-error-0.0.13.tgz",
      "integrity": "sha512-yEEaG8QfyyRL0SsbNNDw3rVgTyqwHFMCuV6jDvD43f/2shmdaFXkqvFLGhDlsYNSolzYHwVLM/CrXt9GygYopA=="
    },
    "iced-lock": {
      "version": "1.1.0",
      "resolved": "https://registry.npmjs.org/iced-lock/-/iced-lock-1.1.0.tgz",
      "integrity": "sha1-YRbvHKs6zW5rEIk7snumIv0/3nI=",
      "requires": {
        "iced-runtime": "^1.0.0"
      }
    },
    "iced-runtime": {
      "version": "1.0.3",
      "resolved": "https://registry.npmjs.org/iced-runtime/-/iced-runtime-1.0.3.tgz",
      "integrity": "sha1-LU9PuZmreqVDCxk8d6f85BGDGc4="
    },
    "iced-utils": {
      "version": "0.1.26",
      "resolved": "https://registry.npmjs.org/iced-utils/-/iced-utils-0.1.26.tgz",
      "integrity": "sha1-RhNr02O73WVoXLk5XsBtehspKSc=",
      "requires": {
        "iced-error": "^0.0.10",
        "iced-lock": "^1.0.2",
        "iced-runtime": ">=0.0.1 <2.0.0-0"
      },
      "dependencies": {
        "iced-error": {
          "version": "0.0.10",
          "resolved": "https://registry.npmjs.org/iced-error/-/iced-error-0.0.10.tgz",
          "integrity": "sha1-+C5DaPefSv3z7SA3WswoqHAoCeg="
        }
      }
    },
    "minimist": {
      "version": "1.2.2",
      "resolved": "http://registry.npmjs.org/minimist/-/minimist-1.2.2.tgz",
      "integrity": "sha512-rIqbOrKb8GJmx/5bc2M0QchhUouMXSpd1RTclXsB41JdL+VtnojfaJR+h7F9k18/4kHUsBFgk80Uk+q569vjPA=="
    },
    "mute-stream": {
      "version": "0.0.7",
      "resolved": "https://registry.npmjs.org/mute-stream/-/mute-stream-0.0.7.tgz",
      "integrity": "sha1-MHXOk7whuPq0PhvE2n6BFe0ee6s="
    },
    "read": {
      "version": "1.0.7",
      "resolved": "https://registry.npmjs.org/read/-/read-1.0.7.tgz",
      "integrity": "sha1-s9oZvQUkMal2cdRKQmNK33ELQMQ=",
      "requires": {
        "mute-stream": "~0.0.4"
      }
    },
    "semver": {
      "version": "5.6.0",
      "resolved": "https://registry.npmjs.org/semver/-/semver-5.6.0.tgz",
      "integrity": "sha512-RS9R6R35NYgQn++fkDWaOmqGoj4Ek9gGs+DPxNUZKuwE183xjJroKvyo1IzVFeXvUrvmALy6FWD5xrdJT25gMg=="
    }
  }
}
